<?xml version="1.0" encoding="utf-8"?>
<Project ToolsVersion="18.0" xmlns="http://schemas.microsoft.com/developer/msbuild/2003">
  <ItemGroup>
    <CustomBuild Include="C:\Users\User\Desktop\Pairing\buildsync-archicad-addon\build-sdk-relative-v142b\CMakeFiles\2ab1728a19df3eb63881e0a358b0ac30\generate.stamp.rule">
      <Filter>CMake Rules</Filter>
    </CustomBuild>
  </ItemGroup>
  <ItemGroup>
    <Filter Include="CMake Rules">
      <UniqueIdentifier>{1DE64C37-146A-3CD5-95F6-012DD44FB445}</UniqueIdentifier>
    </Filter>
  </ItemGroup>
</Project>
