<?xml version="1.0" encoding="utf-8"?>
<Project ToolsVersion="18.0" xmlns="http://schemas.microsoft.com/developer/msbuild/2003">
  <ItemGroup>
    <CustomBuild Include="C:\Users\User\Desktop\Pairing\buildsync-archicad-addon\build-apx-edited-slab-cleanup-v142\CMakeFiles\508ccfdc6af0a7c7e94a1830dfa78e90\RUN_TESTS_force.rule">
      <Filter>CMake Rules</Filter>
    </CustomBuild>
  </ItemGroup>
  <ItemGroup>
    <Filter Include="CMake Rules">
      <UniqueIdentifier>{63F33D52-7599-3121-92F2-6DD12D29776B}</UniqueIdentifier>
    </Filter>
  </ItemGroup>
</Project>
