<?xml version="1.0" encoding="utf-8"?>
<Project ToolsVersion="18.0" xmlns="http://schemas.microsoft.com/developer/msbuild/2003">
  <ItemGroup>
    <CustomBuild Include="C:\Users\User\Desktop\Pairing\buildsync-archicad-addon\build-sdk-hotfix-v142d\CMakeFiles\87d54186c66ca695b45f40e7fd93910e\generate.stamp.rule">
      <Filter>CMake Rules</Filter>
    </CustomBuild>
  </ItemGroup>
  <ItemGroup>
    <Filter Include="CMake Rules">
      <UniqueIdentifier>{FBE6F024-F282-3882-AD42-34A89695F58D}</UniqueIdentifier>
    </Filter>
  </ItemGroup>
</Project>
