<?xml version="1.0" encoding="utf-8"?>
<Project ToolsVersion="18.0" xmlns="http://schemas.microsoft.com/developer/msbuild/2003">
  <ItemGroup>
    <CustomBuild Include="C:\Users\User\Desktop\Pairing\buildsync-archicad-addon\build-sdk-validated\CMakeFiles\85d21e9b1c8c97c92ff8df428353fbd5\RUN_TESTS_force.rule">
      <Filter>CMake Rules</Filter>
    </CustomBuild>
  </ItemGroup>
  <ItemGroup>
    <Filter Include="CMake Rules">
      <UniqueIdentifier>{415D2828-2568-33AF-AD2C-D6A75ABB98B0}</UniqueIdentifier>
    </Filter>
  </ItemGroup>
</Project>
