<?xml version="1.0" encoding="utf-8"?>
<Project ToolsVersion="18.0" xmlns="http://schemas.microsoft.com/developer/msbuild/2003">
  <ItemGroup>
    <CustomBuild Include="C:\Users\User\Desktop\Pairing\buildsync-archicad-addon\build-sdk-vertex-delta\CMakeFiles\ffc7db5d25d34c5301f79ba1f1125961\generate.stamp.rule">
      <Filter>CMake Rules</Filter>
    </CustomBuild>
  </ItemGroup>
  <ItemGroup>
    <Filter Include="CMake Rules">
      <UniqueIdentifier>{8C836C21-B4D3-368B-A55A-885F18DDB17F}</UniqueIdentifier>
    </Filter>
  </ItemGroup>
</Project>
