<?xml version="1.0" encoding="utf-8"?>
<Project ToolsVersion="18.0" xmlns="http://schemas.microsoft.com/developer/msbuild/2003">
  <ItemGroup>
    <CustomBuild Include="C:\Users\User\Desktop\Pairing\buildsync-archicad-addon\build-sdk-stale-repair\CMakeFiles\96cd3cfe688827b51f6ba7ab5b77780d\RUN_TESTS_force.rule">
      <Filter>CMake Rules</Filter>
    </CustomBuild>
  </ItemGroup>
  <ItemGroup>
    <Filter Include="CMake Rules">
      <UniqueIdentifier>{7A8DEB68-0018-3803-BF3A-8C21B1344B88}</UniqueIdentifier>
    </Filter>
  </ItemGroup>
</Project>
