<?xml version="1.0" encoding="utf-8"?>
<Project ToolsVersion="18.0" xmlns="http://schemas.microsoft.com/developer/msbuild/2003">
  <ItemGroup>
    <CustomBuild Include="C:\Users\User\Desktop\Pairing\buildsync-archicad-addon\build-apx-duplicate-slab-fix-v142\CMakeFiles\f1c21d102c4954a73361639054b95d36\generate.stamp.rule">
      <Filter>CMake Rules</Filter>
    </CustomBuild>
  </ItemGroup>
  <ItemGroup>
    <Filter Include="CMake Rules">
      <UniqueIdentifier>{590F2C8B-2BE8-329A-84E3-21B8FDFDE5BA}</UniqueIdentifier>
    </Filter>
  </ItemGroup>
</Project>
