<?xml version="1.0" encoding="utf-8"?>
<Project ToolsVersion="18.0" xmlns="http://schemas.microsoft.com/developer/msbuild/2003">
  <ItemGroup>
    <CustomBuild Include="C:\Users\User\Desktop\Pairing\buildsync-archicad-addon\build-sdk\CMakeFiles\2c6c3436fec9fecac71bdb3057e709df\BuildSyncAssemblyWrapper.res.rule">
      <Filter>CMake Rules</Filter>
    </CustomBuild>
    <CustomBuild Include="C:\Users\User\Desktop\Pairing\buildsync-archicad-addon\build-sdk\CMakeFiles\b9a1928bd7b27aa48eae8bcc86229837\buildsync_archicad_resources.rule">
      <Filter>CMake Rules</Filter>
    </CustomBuild>
    <CustomBuild Include="C:\Users\User\Desktop\Pairing\buildsync-archicad-addon\CMakeLists.txt" />
  </ItemGroup>
  <ItemGroup>
    <None Include="C:\Users\User\Desktop\Pairing\buildsync-archicad-addon\RFIX.win\BuildSyncAssemblyWrapper.rc2" />
    <None Include="C:\Users\User\Desktop\Pairing\buildsync-archicad-addon\RFIX\BuildSyncAssemblyWrapperFix.grc" />
    <None Include="C:\Users\User\Desktop\Pairing\buildsync-archicad-addon\RINT\BuildSyncAssemblyWrapper.grc" />
    <None Include="C:\Users\User\Desktop\Pairing\buildsync-archicad-addon\build-sdk\CMakeFiles\buildsync_archicad_resources" />
  </ItemGroup>
  <ItemGroup>
    <Filter Include="CMake Rules">
      <UniqueIdentifier>{25F53C18-392E-315D-87E8-06CE2E354289}</UniqueIdentifier>
    </Filter>
  </ItemGroup>
</Project>
