<?xml version="1.0" encoding="utf-8"?>
<Project ToolsVersion="18.0" xmlns="http://schemas.microsoft.com/developer/msbuild/2003">
  <ItemGroup>
    <CustomBuild Include="C:\Users\User\Desktop\Pairing\buildsync-archicad-addon\build-sdk-source-frame-leak\CMakeFiles\cbddc5175087d0eebdae019c3a046121\generate.stamp.rule">
      <Filter>CMake Rules</Filter>
    </CustomBuild>
  </ItemGroup>
  <ItemGroup>
    <Filter Include="CMake Rules">
      <UniqueIdentifier>{756440F9-0C48-3E4A-BE61-50BA2F5B330B}</UniqueIdentifier>
    </Filter>
  </ItemGroup>
</Project>
