<?xml version="1.0" encoding="utf-8"?>
<Project ToolsVersion="18.0" xmlns="http://schemas.microsoft.com/developer/msbuild/2003">
  <ItemGroup>
    <CustomBuild Include="C:\Users\User\Desktop\Pairing\buildsync-archicad-addon\build-apx-edit-placement-propagation-v142\CMakeFiles\4a23d9254a8f1481a9e53a0712d5765c\BuildSyncAssemblyWrapper.res.rule">
      <Filter>CMake Rules</Filter>
    </CustomBuild>
    <CustomBuild Include="C:\Users\User\Desktop\Pairing\buildsync-archicad-addon\build-apx-edit-placement-propagation-v142\CMakeFiles\704adb902f34dbc09a57a8c99f03c8b6\buildsync_archicad_resources.rule">
      <Filter>CMake Rules</Filter>
    </CustomBuild>
    <CustomBuild Include="C:\Users\User\Desktop\Pairing\buildsync-archicad-addon\CMakeLists.txt" />
  </ItemGroup>
  <ItemGroup>
    <None Include="C:\Users\User\Desktop\Pairing\buildsync-archicad-addon\RFIX.win\BuildSyncAssemblyWrapper.rc2" />
    <None Include="C:\Users\User\Desktop\Pairing\buildsync-archicad-addon\RFIX\BuildSyncAssemblyWrapperFix.grc" />
    <None Include="C:\Users\User\Desktop\Pairing\buildsync-archicad-addon\RINT\BuildSyncAssemblyWrapper.grc" />
    <None Include="C:\Users\User\Desktop\Pairing\buildsync-archicad-addon\build-apx-edit-placement-propagation-v142\CMakeFiles\buildsync_archicad_resources" />
  </ItemGroup>
  <ItemGroup>
    <Filter Include="CMake Rules">
      <UniqueIdentifier>{195CBC5B-083C-38B0-88EA-F3251FE6AB0C}</UniqueIdentifier>
    </Filter>
  </ItemGroup>
</Project>
