<?xml version="1.0" encoding="utf-8"?>
<Project ToolsVersion="18.0" xmlns="http://schemas.microsoft.com/developer/msbuild/2003">
  <ItemGroup>
    <CustomBuild Include="C:\Users\User\Desktop\Pairing\buildsync-archicad-addon\build-sdk-hotfix-v142c\CMakeFiles\e2331acda598d8bbb3baa39a7281798c\generate.stamp.rule">
      <Filter>CMake Rules</Filter>
    </CustomBuild>
  </ItemGroup>
  <ItemGroup>
    <Filter Include="CMake Rules">
      <UniqueIdentifier>{B40F92D1-A7E4-3258-8D14-2C7F3439890F}</UniqueIdentifier>
    </Filter>
  </ItemGroup>
</Project>
