<?xml version="1.0" encoding="utf-8"?>
<Project ToolsVersion="18.0" xmlns="http://schemas.microsoft.com/developer/msbuild/2003">
  <ItemGroup>
    <CustomBuild Include="C:\Users\User\Desktop\Pairing\buildsync-archicad-addon\build-sdk-self-healing\CMakeFiles\f85a38aa8607ea54cdbbb84ed306a8d5\generate.stamp.rule">
      <Filter>CMake Rules</Filter>
    </CustomBuild>
  </ItemGroup>
  <ItemGroup>
    <Filter Include="CMake Rules">
      <UniqueIdentifier>{FBA38F27-EC65-3CAF-A336-59D7DC194AC5}</UniqueIdentifier>
    </Filter>
  </ItemGroup>
</Project>
