<?xml version="1.0" encoding="utf-8"?>
<Project ToolsVersion="18.0" xmlns="http://schemas.microsoft.com/developer/msbuild/2003">
  <ItemGroup>
    <CustomBuild Include="C:\Users\User\Desktop\Pairing\buildsync-archicad-addon\build-apx-instance-container-frame-v142\CMakeFiles\1d685bbc660b44a3fc9253b29388d689\RUN_TESTS_force.rule">
      <Filter>CMake Rules</Filter>
    </CustomBuild>
  </ItemGroup>
  <ItemGroup>
    <Filter Include="CMake Rules">
      <UniqueIdentifier>{905C93BD-3441-3986-AFB4-4E70D96A2346}</UniqueIdentifier>
    </Filter>
  </ItemGroup>
</Project>
