<?xml version="1.0" encoding="utf-8"?>
<Project ToolsVersion="18.0" xmlns="http://schemas.microsoft.com/developer/msbuild/2003">
  <ItemGroup>
    <CustomBuild Include="C:\Users\User\Desktop\Pairing\buildsync-archicad-addon\build-sdk-bounds-correction\CMakeFiles\c51b6650270b6ff7839d61329c534c99\generate.stamp.rule">
      <Filter>CMake Rules</Filter>
    </CustomBuild>
  </ItemGroup>
  <ItemGroup>
    <Filter Include="CMake Rules">
      <UniqueIdentifier>{D52452D1-90B0-383E-86AB-F06CC0694C2D}</UniqueIdentifier>
    </Filter>
  </ItemGroup>
</Project>
