<?xml version="1.0" encoding="utf-8"?>
<Project ToolsVersion="18.0" xmlns="http://schemas.microsoft.com/developer/msbuild/2003">
  <ItemGroup>
    <CustomBuild Include="C:\Users\User\Desktop\Pairing\buildsync-archicad-addon\build-sdk-prune\CMakeFiles\c9fed3e6e8349754466c00676cd9f115\RUN_TESTS_force.rule">
      <Filter>CMake Rules</Filter>
    </CustomBuild>
  </ItemGroup>
  <ItemGroup>
    <Filter Include="CMake Rules">
      <UniqueIdentifier>{0AA516FD-F2AF-3A01-B8CD-48DC0ED6A592}</UniqueIdentifier>
    </Filter>
  </ItemGroup>
</Project>
