<?xml version="1.0" encoding="utf-8"?>
<Project ToolsVersion="18.0" xmlns="http://schemas.microsoft.com/developer/msbuild/2003">
  <ItemGroup>
    <CustomBuild Include="C:\Users\User\Desktop\Pairing\buildsync-archicad-addon\build-apx-geometry-trace-v142c\CMakeFiles\489feac6fd0fc237429aec0a7b6de083\generate.stamp.rule">
      <Filter>CMake Rules</Filter>
    </CustomBuild>
  </ItemGroup>
  <ItemGroup>
    <Filter Include="CMake Rules">
      <UniqueIdentifier>{CEF2C21C-799C-39CE-BE81-169C112D614C}</UniqueIdentifier>
    </Filter>
  </ItemGroup>
</Project>
