<?xml version="1.0" encoding="utf-8"?>
<Project ToolsVersion="18.0" xmlns="http://schemas.microsoft.com/developer/msbuild/2003">
  <ItemGroup>
    <CustomBuild Include="C:\Users\User\Desktop\Pairing\buildsync-archicad-addon\build-sdk-slab-change\CMakeFiles\2c830376d426d5d4e2d0a64365b9302e\BuildSyncAssemblyWrapper.res.rule">
      <Filter>CMake Rules</Filter>
    </CustomBuild>
    <CustomBuild Include="C:\Users\User\Desktop\Pairing\buildsync-archicad-addon\build-sdk-slab-change\CMakeFiles\cd19c46d4570edb73137cbc8de683348\buildsync_archicad_resources.rule">
      <Filter>CMake Rules</Filter>
    </CustomBuild>
    <CustomBuild Include="C:\Users\User\Desktop\Pairing\buildsync-archicad-addon\CMakeLists.txt" />
  </ItemGroup>
  <ItemGroup>
    <None Include="C:\Users\User\Desktop\Pairing\buildsync-archicad-addon\RFIX.win\BuildSyncAssemblyWrapper.rc2" />
    <None Include="C:\Users\User\Desktop\Pairing\buildsync-archicad-addon\RFIX\BuildSyncAssemblyWrapperFix.grc" />
    <None Include="C:\Users\User\Desktop\Pairing\buildsync-archicad-addon\RINT\BuildSyncAssemblyWrapper.grc" />
    <None Include="C:\Users\User\Desktop\Pairing\buildsync-archicad-addon\build-sdk-slab-change\CMakeFiles\buildsync_archicad_resources" />
  </ItemGroup>
  <ItemGroup>
    <Filter Include="CMake Rules">
      <UniqueIdentifier>{6E73B9E0-D533-3AC3-9B6B-098808C27119}</UniqueIdentifier>
    </Filter>
  </ItemGroup>
</Project>
