<?xml version="1.0" encoding="utf-8"?>
<Project ToolsVersion="18.0" xmlns="http://schemas.microsoft.com/developer/msbuild/2003">
  <ItemGroup>
    <CustomBuild Include="C:\Users\User\Desktop\Pairing\buildsync-archicad-addon\build-sdk-slab-change\CMakeFiles\cd19c46d4570edb73137cbc8de683348\RUN_TESTS_force.rule">
      <Filter>CMake Rules</Filter>
    </CustomBuild>
  </ItemGroup>
  <ItemGroup>
    <Filter Include="CMake Rules">
      <UniqueIdentifier>{6E73B9E0-D533-3AC3-9B6B-098808C27119}</UniqueIdentifier>
    </Filter>
  </ItemGroup>
</Project>
