<?xml version="1.0" encoding="utf-8"?>
<Project ToolsVersion="18.0" xmlns="http://schemas.microsoft.com/developer/msbuild/2003">
  <ItemGroup>
    <CustomBuild Include="C:\Users\User\Desktop\Pairing\buildsync-archicad-addon\build-sdk-baseline-fix\CMakeFiles\9f4b3119b2ab4069f8d32bfc485a13ec\generate.stamp.rule">
      <Filter>CMake Rules</Filter>
    </CustomBuild>
  </ItemGroup>
  <ItemGroup>
    <Filter Include="CMake Rules">
      <UniqueIdentifier>{4FB753C2-39D9-39E5-A6B1-9A30118BD526}</UniqueIdentifier>
    </Filter>
  </ItemGroup>
</Project>
