<?xml version="1.0" encoding="utf-8"?>
<Project ToolsVersion="18.0" xmlns="http://schemas.microsoft.com/developer/msbuild/2003">
  <ItemGroup>
    <CustomBuild Include="C:\Users\User\Desktop\Pairing\buildsync-archicad-addon\build-apx-source-frame-bootstrap-v142\CMakeFiles\545f9676b388f37b5110f2464e7a88e7\generate.stamp.rule">
      <Filter>CMake Rules</Filter>
    </CustomBuild>
  </ItemGroup>
  <ItemGroup>
    <Filter Include="CMake Rules">
      <UniqueIdentifier>{B11132EA-AD63-380C-8CCD-7EDC28D93075}</UniqueIdentifier>
    </Filter>
  </ItemGroup>
</Project>
