<?xml version="1.0" encoding="utf-8"?>
<Project ToolsVersion="18.0" xmlns="http://schemas.microsoft.com/developer/msbuild/2003">
  <ItemGroup>
    <CustomBuild Include="C:\Users\User\Desktop\Pairing\buildsync-archicad-addon\build-sdk-repair-missing-members\CMakeFiles\5c4e47efecfde54e7025c2f0cb125b98\RUN_TESTS_force.rule">
      <Filter>CMake Rules</Filter>
    </CustomBuild>
  </ItemGroup>
  <ItemGroup>
    <Filter Include="CMake Rules">
      <UniqueIdentifier>{029CF09F-F715-3070-B14E-8FC904157359}</UniqueIdentifier>
    </Filter>
  </ItemGroup>
</Project>
