<?xml version="1.0" encoding="utf-8"?>
<Project ToolsVersion="18.0" xmlns="http://schemas.microsoft.com/developer/msbuild/2003">
  <ItemGroup>
    <CustomBuild Include="C:\Users\User\Desktop\Pairing\buildsync-archicad-addon\build-apx-slab-local-frame-v142\CMakeFiles\38b275bbd87f69670d9f5bff042c109e\RUN_TESTS_force.rule">
      <Filter>CMake Rules</Filter>
    </CustomBuild>
  </ItemGroup>
  <ItemGroup>
    <Filter Include="CMake Rules">
      <UniqueIdentifier>{01706A9A-4264-325D-8679-3BFF28842ED0}</UniqueIdentifier>
    </Filter>
  </ItemGroup>
</Project>
